
Microsoft Visual Studio Solution File, Format Version 12.00
# Visual Studio Version 17
VisualStudioVersion = 17.13.35818.85 d17.13
MinimumVisualStudioVersion = 10.0.40219.1
Project("{FAE04EC0-301F-11D3-BF4B-00C04F79EFBC}") = "LittleWizard", "LittleWizard.csproj", "{F582C863-3372-91B2-1855-4CD1BAD8B498}"
EndProject
Global
	GlobalSection(SolutionConfigurationPlatforms) = preSolution
		Debug|Any CPU = Debug|Any CPU
		Release|Any CPU = Release|Any CPU
		ExportDebug|Any CPU = ExportDebug|Any CPU
		ExportRelease|Any CPU = ExportRelease|Any CPU
	EndGlobalSection
	GlobalSection(ProjectConfigurationPlatforms) = postSolution
		{F582C863-3372-91B2-1855-4CD1BAD8B498}.Debug|Any CPU.ActiveCfg = Debug|Any CPU
		{F582C863-3372-91B2-1855-4CD1BAD8B498}.Debug|Any CPU.Build.0 = Debug|Any CPU
		{F582C863-3372-91B2-1855-4CD1BAD8B498}.Release|Any CPU.ActiveCfg = Release|Any CPU
		{F582C863-3372-91B2-1855-4CD1BAD8B498}.Release|Any CPU.Build.0 = Release|Any CPU
		{F582C863-3372-91B2-1855-4CD1BAD8B498}.ExportDebug|Any CPU.ActiveCfg = ExportDebug|Any CPU
		{F582C863-3372-91B2-1855-4CD1BAD8B498}.ExportDebug|Any CPU.Build.0 = ExportDebug|Any CPU
		{F582C863-3372-91B2-1855-4CD1BAD8B498}.ExportRelease|Any CPU.ActiveCfg = ExportRelease|Any CPU
		{F582C863-3372-91B2-1855-4CD1BAD8B498}.ExportRelease|Any CPU.Build.0 = ExportRelease|Any CPU
	EndGlobalSection
	GlobalSection(SolutionProperties) = preSolution
		HideSolutionNode = FALSE
	EndGlobalSection
	GlobalSection(ExtensibilityGlobals) = postSolution
		SolutionGuid = {B8E1785E-F370-4FE1-B0B4-B89F60A95845}
	EndGlobalSection
EndGlobal